
Microsoft Visual Studio Solution File, Format Version 12.00
# Visual Studio Version 16
VisualStudioVersion = 16.0.28803.452
MinimumVisualStudioVersion = 10.0.40219.1
Project("{FAE04EC0-301F-11D3-BF4B-00C04F79EFBC}") = "CompraFacil.Domain", "CompraFacil.Domain\CompraFacil.Domain.csproj", "{FE0A7E43-B855-4032-91AB-325B2645D6FC}"
EndProject
Project("{FAE04EC0-301F-11D3-BF4B-00C04F79EFBC}") = "CompraFacil.Repository", "CompraFacil.Repository\CompraFacil.Repository.csproj", "{508B1157-3A5E-461B-BE5E-30B37B65E7C4}"
EndProject
Project("{FAE04EC0-301F-11D3-BF4B-00C04F79EFBC}") = "CompraFacil.Web", "CompraFacil.Web\CompraFacil.Web.csproj", "{7264FBFD-A642-4229-8E51-F1B1736C517F}"
EndProject
Global
	GlobalSection(SolutionConfigurationPlatforms) = preSolution
		Debug|Any CPU = Debug|Any CPU
		Release|Any CPU = Release|Any CPU
	EndGlobalSection
	GlobalSection(ProjectConfigurationPlatforms) = postSolution
		{FE0A7E43-B855-4032-91AB-325B2645D6FC}.Debug|Any CPU.ActiveCfg = Debug|Any CPU
		{FE0A7E43-B855-4032-91AB-325B2645D6FC}.Debug|Any CPU.Build.0 = Debug|Any CPU
		{FE0A7E43-B855-4032-91AB-325B2645D6FC}.Release|Any CPU.ActiveCfg = Release|Any CPU
		{FE0A7E43-B855-4032-91AB-325B2645D6FC}.Release|Any CPU.Build.0 = Release|Any CPU
		{508B1157-3A5E-461B-BE5E-30B37B65E7C4}.Debug|Any CPU.ActiveCfg = Debug|Any CPU
		{508B1157-3A5E-461B-BE5E-30B37B65E7C4}.Debug|Any CPU.Build.0 = Debug|Any CPU
		{508B1157-3A5E-461B-BE5E-30B37B65E7C4}.Release|Any CPU.ActiveCfg = Release|Any CPU
		{508B1157-3A5E-461B-BE5E-30B37B65E7C4}.Release|Any CPU.Build.0 = Release|Any CPU
		{7264FBFD-A642-4229-8E51-F1B1736C517F}.Debug|Any CPU.ActiveCfg = Debug|Any CPU
		{7264FBFD-A642-4229-8E51-F1B1736C517F}.Debug|Any CPU.Build.0 = Debug|Any CPU
		{7264FBFD-A642-4229-8E51-F1B1736C517F}.Release|Any CPU.ActiveCfg = Release|Any CPU
		{7264FBFD-A642-4229-8E51-F1B1736C517F}.Release|Any CPU.Build.0 = Release|Any CPU
	EndGlobalSection
	GlobalSection(SolutionProperties) = preSolution
		HideSolutionNode = FALSE
	EndGlobalSection
	GlobalSection(ExtensibilityGlobals) = postSolution
		SolutionGuid = {4E8EC0D6-90BE-4478-B592-B3D7E74E67CB}
	EndGlobalSection
EndGlobal
